{
  "object": {
    "pins": [
      {
        "package": "bocho",
        "repositoryURL": "https://github.com/yanagiba/bocho",
        "state": {
          "branch": null,
          "revision": "411fb57fe99824ebe8f107c69cf61fc8bc68853d",
          "version": "0.1.1"
        }
      },
      {
        "package": "CEnergymon",
        "repositoryURL": "git@github.mit.edu:proteus/CEnergymon",
        "state": {
          "branch": null,
          "revision": "574f747d32c1f51ac87f863b0d06f55e88fcffcd",
          "version": "1.0.1"
        }
      },
      {
        "package": "CLibdill",
        "repositoryURL": "https://github.com/Zewo/CLibdill.git",
        "state": {
          "branch": null,
          "revision": "08292f2dbff76f51b4cf514124699611743e3cab",
          "version": "2.0.0"
        }
      },
      {
        "package": "CSwiftV",
        "repositoryURL": "https://github.com/Daniel1of1/CSwiftV",
        "state": {
          "branch": null,
          "revision": "a1a04d3915028c03884df4ed53757c7480233b68",
          "version": "0.0.7"
        }
      },
      {
        "package": "FASTController",
        "repositoryURL": "git@github.mit.edu:proteus/FASTController",
        "state": {
          "branch": null,
          "revision": "ddd77a1a0643e003e5590dcc2959043470982575",
          "version": "1.0.2"
        }
      },
      {
        "package": "HeliumLogger",
        "repositoryURL": "https://github.com/IBM-Swift/HeliumLogger",
        "state": {
          "branch": null,
          "revision": "2afeb4c02f5a48a7fbd081fe8607b91eeebd7ecb",
          "version": "1.7.1"
        }
      },
      {
        "package": "LoggerAPI",
        "repositoryURL": "https://github.com/IBM-Swift/LoggerAPI.git",
        "state": {
          "branch": null,
          "revision": "ee0084cbb8bace59b3409cec05bedc5d2e97f8b7",
          "version": "1.7.2"
        }
      },
      {
        "package": "COpenSSL",
        "repositoryURL": "https://github.com/PerfectlySoft/Perfect-COpenSSL.git",
        "state": {
          "branch": null,
          "revision": "87b6d1f313887fa11bd75e157a3678f066eec981",
          "version": "2.0.6"
        }
      },
      {
        "package": "PerfectCrypto",
        "repositoryURL": "https://github.com/PerfectlySoft/Perfect-Crypto.git",
        "state": {
          "branch": null,
          "revision": "596cd8961ad1981d65eb07ea07cdda6345f6104a",
          "version": "1.1.1"
        }
      },
      {
        "package": "PerfectHTTP",
        "repositoryURL": "https://github.com/jasonm128/Perfect-HTTP.git",
        "state": {
          "branch": null,
          "revision": "932f8e1050be1bddb4c9b3a4652154d37a6f1ec9",
          "version": "99.0.1"
        }
      },
      {
        "package": "PerfectHTTPServer",
        "repositoryURL": "https://github.com/jasonm128/Perfect-HTTPServer",
        "state": {
          "branch": null,
          "revision": "02e196f911d1b852a083fe991a80a413ac8dae88",
          "version": "99.0.2"
        }
      },
      {
        "package": "PerfectNet",
        "repositoryURL": "https://github.com/jasonm128/Perfect-Net.git",
        "state": {
          "branch": null,
          "revision": "dafa0333ae64f96b3747bdd7fcf124fff8d7119f",
          "version": "99.0.3"
        }
      },
      {
        "package": "PerfectSQLite",
        "repositoryURL": "https://github.com/PerfectlySoft/Perfect-SQLite.git",
        "state": {
          "branch": null,
          "revision": "89f5e4dc81a2523b42381ee651945a3b6aad17d1",
          "version": "3.0.1"
        }
      },
      {
        "package": "PerfectCSQLite3",
        "repositoryURL": "https://github.com/PerfectlySoft/Perfect-sqlite3-support.git",
        "state": {
          "branch": null,
          "revision": "fb806c0fd0fcbf27ababa9c03a00e32c2c46464c",
          "version": "3.0.0"
        }
      },
      {
        "package": "PerfectThread",
        "repositoryURL": "https://github.com/PerfectlySoft/Perfect-Thread.git",
        "state": {
          "branch": null,
          "revision": "7d09e1830dd8e46b99c34a754a0bf4c2d567794e",
          "version": "2.0.12"
        }
      },
      {
        "package": "PerfectLib",
        "repositoryURL": "https://github.com/PerfectlySoft/PerfectLib.git",
        "state": {
          "branch": null,
          "revision": "e85a9ead840f80dfd85ca90627cf88cfb6e0cb59",
          "version": "2.0.11"
        }
      },
      {
        "package": "swift-ast",
        "repositoryURL": "https://github.com/ryuichis/swift-ast",
        "state": {
          "branch": null,
          "revision": "06c530a196ce8ef55fc03ecfa542ac7652cbc440",
          "version": null
        }
      },
      {
        "package": "Venice",
        "repositoryURL": "https://github.com/Zewo/Venice",
        "state": {
          "branch": null,
          "revision": "3e78449dfefac3ab2952200ff8a4fa0165ef415a",
          "version": "0.20.0"
        }
      }
    ]
  },
  "version": 1
}
